
Microsoft Visual Studio Solution File, Format Version 12.00
# Visual Studio Version 17
VisualStudioVersion = 17.0.31912.275
MinimumVisualStudioVersion = 10.0.40219.1
Project("{9A19103F-16F7-4668-BE54-9A1E7A4F7556}") = "RaceSimMain", "RaceSimMain\RaceSimMain.csproj", "{CD5BC260-9AD8-4B09-93DD-955702CE2FF5}"
EndProject
Project("{9A19103F-16F7-4668-BE54-9A1E7A4F7556}") = "Model", "Model\Model.csproj", "{5009B443-989D-44FD-B1E1-470EEDCB2291}"
EndProject
Project("{9A19103F-16F7-4668-BE54-9A1E7A4F7556}") = "Controller", "Controller\Controller.csproj", "{4302F96C-FB8B-4939-A95F-7DEA9682D088}"
EndProject
Project("{9A19103F-16F7-4668-BE54-9A1E7A4F7556}") = "ControllerTest", "ControllerTest\ControllerTest.csproj", "{6B7568E4-67DA-4ECB-95E6-D403F249B076}"
EndProject
Project("{FAE04EC0-301F-11D3-BF4B-00C04F79EFBC}") = "RaceSimMainTest", "RaceSimMainTest\RaceSimMainTest.csproj", "{655A04B3-E5A3-4525-9236-BBB7FEF7C2BA}"
EndProject
Global
	GlobalSection(SolutionConfigurationPlatforms) = preSolution
		Debug|Any CPU = Debug|Any CPU
		Release|Any CPU = Release|Any CPU
	EndGlobalSection
	GlobalSection(ProjectConfigurationPlatforms) = postSolution
		{CD5BC260-9AD8-4B09-93DD-955702CE2FF5}.Debug|Any CPU.ActiveCfg = Debug|Any CPU
		{CD5BC260-9AD8-4B09-93DD-955702CE2FF5}.Debug|Any CPU.Build.0 = Debug|Any CPU
		{CD5BC260-9AD8-4B09-93DD-955702CE2FF5}.Release|Any CPU.ActiveCfg = Release|Any CPU
		{CD5BC260-9AD8-4B09-93DD-955702CE2FF5}.Release|Any CPU.Build.0 = Release|Any CPU
		{5009B443-989D-44FD-B1E1-470EEDCB2291}.Debug|Any CPU.ActiveCfg = Debug|Any CPU
		{5009B443-989D-44FD-B1E1-470EEDCB2291}.Debug|Any CPU.Build.0 = Debug|Any CPU
		{5009B443-989D-44FD-B1E1-470EEDCB2291}.Release|Any CPU.ActiveCfg = Release|Any CPU
		{5009B443-989D-44FD-B1E1-470EEDCB2291}.Release|Any CPU.Build.0 = Release|Any CPU
		{4302F96C-FB8B-4939-A95F-7DEA9682D088}.Debug|Any CPU.ActiveCfg = Debug|Any CPU
		{4302F96C-FB8B-4939-A95F-7DEA9682D088}.Debug|Any CPU.Build.0 = Debug|Any CPU
		{4302F96C-FB8B-4939-A95F-7DEA9682D088}.Release|Any CPU.ActiveCfg = Release|Any CPU
		{4302F96C-FB8B-4939-A95F-7DEA9682D088}.Release|Any CPU.Build.0 = Release|Any CPU
		{6B7568E4-67DA-4ECB-95E6-D403F249B076}.Debug|Any CPU.ActiveCfg = Debug|Any CPU
		{6B7568E4-67DA-4ECB-95E6-D403F249B076}.Debug|Any CPU.Build.0 = Debug|Any CPU
		{6B7568E4-67DA-4ECB-95E6-D403F249B076}.Release|Any CPU.ActiveCfg = Release|Any CPU
		{6B7568E4-67DA-4ECB-95E6-D403F249B076}.Release|Any CPU.Build.0 = Release|Any CPU
		{655A04B3-E5A3-4525-9236-BBB7FEF7C2BA}.Debug|Any CPU.ActiveCfg = Debug|Any CPU
		{655A04B3-E5A3-4525-9236-BBB7FEF7C2BA}.Debug|Any CPU.Build.0 = Debug|Any CPU
		{655A04B3-E5A3-4525-9236-BBB7FEF7C2BA}.Release|Any CPU.ActiveCfg = Release|Any CPU
		{655A04B3-E5A3-4525-9236-BBB7FEF7C2BA}.Release|Any CPU.Build.0 = Release|Any CPU
	EndGlobalSection
	GlobalSection(SolutionProperties) = preSolution
		HideSolutionNode = FALSE
	EndGlobalSection
	GlobalSection(ExtensibilityGlobals) = postSolution
		SolutionGuid = {D46D30C9-967D-41AF-AA23-B3BC4EC40D08}
	EndGlobalSection
EndGlobal
